// !$*UTF8*$!
{
	archiveVersion = 1;
	classes = {
	};
	objectVersion = 54;
	objects = {

/* Begin PBXBuildFile section */
		6F8654ED26CC793700A238DD /* AppDelegate.swift in Sources */ = {isa = PBXBuildFile; fileRef = 6F8654EC26CC793700A238DD /* AppDelegate.swift */; };
		6F8654EF26CC793700A238DD /* SceneDelegate.swift in Sources */ = {isa = PBXBuildFile; fileRef = 6F8654EE26CC793700A238DD /* SceneDelegate.swift */; };
		6F8654F126CC793700A238DD /* ReminderListViewController.swift in Sources */ = {isa = PBXBuildFile; fileRef = 6F8654F026CC793700A238DD /* ReminderListViewController.swift */; };
		6F8654F426CC793700A238DD /* Main.storyboard in Resources */ = {isa = PBXBuildFile; fileRef = 6F8654F226CC793700A238DD /* Main.storyboard */; };
		6F8654F626CC793800A238DD /* Assets.xcassets in Resources */ = {isa = PBXBuildFile; fileRef = 6F8654F526CC793800A238DD /* Assets.xcassets */; };
		6F8654F926CC793800A238DD /* LaunchScreen.storyboard in Resources */ = {isa = PBXBuildFile; fileRef = 6F8654F726CC793800A238DD /* LaunchScreen.storyboard */; };
		6F86550326CC887100A238DD /* Reminder.swift in Sources */ = {isa = PBXBuildFile; fileRef = 6F86550226CC887100A238DD /* Reminder.swift */; };
		6F86550526CC9B8400A238DD /* ReminderListCell.swift in Sources */ = {isa = PBXBuildFile; fileRef = 6F86550426CC9B8400A238DD /* ReminderListCell.swift */; };
		6F86550726CD288B00A238DD /* ReminderDetailViewController.swift in Sources */ = {isa = PBXBuildFile; fileRef = 6F86550626CD288B00A238DD /* ReminderDetailViewController.swift */; };
		6F86550926CD4FBC00A238DD /* ReminderListDataSource.swift in Sources */ = {isa = PBXBuildFile; fileRef = 6F86550826CD4FBC00A238DD /* ReminderListDataSource.swift */; };
		6F86550B26CD582A00A238DD /* ReminderDetailViewDataSource.swift in Sources */ = {isa = PBXBuildFile; fileRef = 6F86550A26CD582A00A238DD /* ReminderDetailViewDataSource.swift */; };
		6F86550E26CD6B5400A238DD /* EditTitleCell.swift in Sources */ = {isa = PBXBuildFile; fileRef = 6F86550D26CD6B5400A238DD /* EditTitleCell.swift */; };
		6F86551026CD6BF300A238DD /* EditDateCell.swift in Sources */ = {isa = PBXBuildFile; fileRef = 6F86550F26CD6BF300A238DD /* EditDateCell.swift */; };
		6F86551226CD6C8A00A238DD /* EditNotesCell.swift in Sources */ = {isa = PBXBuildFile; fileRef = 6F86551126CD6C8A00A238DD /* EditNotesCell.swift */; };
/* End PBXBuildFile section */

/* Begin PBXFileReference section */
		6F8654E926CC793700A238DD /* swift-016-Today.app */ = {isa = PBXFileReference; explicitFileType = wrapper.application; includeInIndex = 0; path = "swift-016-Today.app"; sourceTree = BUILT_PRODUCTS_DIR; };
		6F8654EC26CC793700A238DD /* AppDelegate.swift */ = {isa = PBXFileReference; lastKnownFileType = sourcecode.swift; path = AppDelegate.swift; sourceTree = "<group>"; };
		6F8654EE26CC793700A238DD /* SceneDelegate.swift */ = {isa = PBXFileReference; lastKnownFileType = sourcecode.swift; path = SceneDelegate.swift; sourceTree = "<group>"; };
		6F8654F026CC793700A238DD /* ReminderListViewController.swift */ = {isa = PBXFileReference; lastKnownFileType = sourcecode.swift; path = ReminderListViewController.swift; sourceTree = "<group>"; };
		6F8654F326CC793700A238DD /* Base */ = {isa = PBXFileReference; lastKnownFileType = file.storyboard; name = Base; path = Base.lproj/Main.storyboard; sourceTree = "<group>"; };
		6F8654F526CC793800A238DD /* Assets.xcassets */ = {isa = PBXFileReference; lastKnownFileType = folder.assetcatalog; path = Assets.xcassets; sourceTree = "<group>"; };
		6F8654F826CC793800A238DD /* Base */ = {isa = PBXFileReference; lastKnownFileType = file.storyboard; name = Base; path = Base.lproj/LaunchScreen.storyboard; sourceTree = "<group>"; };
		6F8654FA26CC793800A238DD /* Info.plist */ = {isa = PBXFileReference; lastKnownFileType = text.plist.xml; path = Info.plist; sourceTree = "<group>"; };
		6F86550226CC887100A238DD /* Reminder.swift */ = {isa = PBXFileReference; lastKnownFileType = sourcecode.swift; path = Reminder.swift; sourceTree = "<group>"; };
		6F86550426CC9B8400A238DD /* ReminderListCell.swift */ = {isa = PBXFileReference; lastKnownFileType = sourcecode.swift; path = ReminderListCell.swift; sourceTree = "<group>"; };
		6F86550626CD288B00A238DD /* ReminderDetailViewController.swift */ = {isa = PBXFileReference; lastKnownFileType = sourcecode.swift; path = ReminderDetailViewController.swift; sourceTree = "<group>"; };
		6F86550826CD4FBC00A238DD /* ReminderListDataSource.swift */ = {isa = PBXFileReference; lastKnownFileType = sourcecode.swift; path = ReminderListDataSource.swift; sourceTree = "<group>"; };
		6F86550A26CD582A00A238DD /* ReminderDetailViewDataSource.swift */ = {isa = PBXFileReference; lastKnownFileType = sourcecode.swift; path = ReminderDetailViewDataSource.swift; sourceTree = "<group>"; };
		6F86550D26CD6B5400A238DD /* EditTitleCell.swift */ = {isa = PBXFileReference; lastKnownFileType = sourcecode.swift; path = EditTitleCell.swift; sourceTree = "<group>"; };
		6F86550F26CD6BF300A238DD /* EditDateCell.swift */ = {isa = PBXFileReference; lastKnownFileType = sourcecode.swift; path = EditDateCell.swift; sourceTree = "<group>"; };
		6F86551126CD6C8A00A238DD /* EditNotesCell.swift */ = {isa = PBXFileReference; lastKnownFileType = sourcecode.swift; path = EditNotesCell.swift; sourceTree = "<group>"; };
/* End PBXFileReference section */

/* Begin PBXFrameworksBuildPhase section */
		6F8654E626CC793700A238DD /* Frameworks */ = {
			isa = PBXFrameworksBuildPhase;
			buildActionMask = 2147483647;
			files = (
			);
			runOnlyForDeploymentPostprocessing = 0;
		};
/* End PBXFrameworksBuildPhase section */

/* Begin PBXGroup section */
		6F8654E026CC793700A238DD = {
			isa = PBXGroup;
			children = (
				6F8654EB26CC793700A238DD /* swift-016-Today */,
				6F8654EA26CC793700A238DD /* Products */,
			);
			sourceTree = "<group>";
		};
		6F8654EA26CC793700A238DD /* Products */ = {
			isa = PBXGroup;
			children = (
				6F8654E926CC793700A238DD /* swift-016-Today.app */,
			);
			name = Products;
			sourceTree = "<group>";
		};
		6F8654EB26CC793700A238DD /* swift-016-Today */ = {
			isa = PBXGroup;
			children = (
				6F86550C26CD6B1900A238DD /* Views */,
				6F8654EC26CC793700A238DD /* AppDelegate.swift */,
				6F8654EE26CC793700A238DD /* SceneDelegate.swift */,
				6F8654F026CC793700A238DD /* ReminderListViewController.swift */,
				6F8654F226CC793700A238DD /* Main.storyboard */,
				6F8654F526CC793800A238DD /* Assets.xcassets */,
				6F8654F726CC793800A238DD /* LaunchScreen.storyboard */,
				6F8654FA26CC793800A238DD /* Info.plist */,
				6F86550226CC887100A238DD /* Reminder.swift */,
				6F86550626CD288B00A238DD /* ReminderDetailViewController.swift */,
				6F86550826CD4FBC00A238DD /* ReminderListDataSource.swift */,
				6F86550A26CD582A00A238DD /* ReminderDetailViewDataSource.swift */,
			);
			path = "swift-016-Today";
			sourceTree = "<group>";
		};
		6F86550C26CD6B1900A238DD /* Views */ = {
			isa = PBXGroup;
			children = (
				6F86550426CC9B8400A238DD /* ReminderListCell.swift */,
				6F86550D26CD6B5400A238DD /* EditTitleCell.swift */,
				6F86550F26CD6BF300A238DD /* EditDateCell.swift */,
				6F86551126CD6C8A00A238DD /* EditNotesCell.swift */,
			);
			path = Views;
			sourceTree = "<group>";
		};
/* End PBXGroup section */

/* Begin PBXNativeTarget section */
		6F8654E826CC793700A238DD /* swift-016-Today */ = {
			isa = PBXNativeTarget;
			buildConfigurationList = 6F8654FD26CC793800A238DD /* Build configuration list for PBXNativeTarget "swift-016-Today" */;
			buildPhases = (
				6F8654E526CC793700A238DD /* Sources */,
				6F8654E626CC793700A238DD /* Frameworks */,
				6F8654E726CC793700A238DD /* Resources */,
			);
			buildRules = (
			);
			dependencies = (
			);
			name = "swift-016-Today";
			productName = "swift-016-Today";
			productReference = 6F8654E926CC793700A238DD /* swift-016-Today.app */;
			productType = "com.apple.product-type.application";
		};
/* End PBXNativeTarget section */

/* Begin PBXProject section */
		6F8654E126CC793700A238DD /* Project object */ = {
			isa = PBXProject;
			attributes = {
				BuildIndependentTargetsInParallel = 1;
				LastSwiftUpdateCheck = 1300;
				LastUpgradeCheck = 1300;
				TargetAttributes = {
					6F8654E826CC793700A238DD = {
						CreatedOnToolsVersion = 13.0;
					};
				};
			};
			buildConfigurationList = 6F8654E426CC793700A238DD /* Build configuration list for PBXProject "swift-016-Today" */;
			compatibilityVersion = "Xcode 12.0";
			developmentRegion = en;
			hasScannedForEncodings = 0;
			knownRegions = (
				en,
				Base,
			);
			mainGroup = 6F8654E026CC793700A238DD;
			productRefGroup = 6F8654EA26CC793700A238DD /* Products */;
			projectDirPath = "";
			projectRoot = "";
			targets = (
				6F8654E826CC793700A238DD /* swift-016-Today */,
			);
		};
/* End PBXProject section */

/* Begin PBXResourcesBuildPhase section */
		6F8654E726CC793700A238DD /* Resources */ = {
			isa = PBXResourcesBuildPhase;
			buildActionMask = 2147483647;
			files = (
				6F8654F926CC793800A238DD /* LaunchScreen.storyboard in Resources */,
				6F8654F626CC793800A238DD /* Assets.xcassets in Resources */,
				6F8654F426CC793700A238DD /* Main.storyboard in Resources */,
			);
			runOnlyForDeploymentPostprocessing = 0;
		};
/* End PBXResourcesBuildPhase section */

/* Begin PBXSourcesBuildPhase section */
		6F8654E526CC793700A238DD /* Sources */ = {
			isa = PBXSourcesBuildPhase;
			buildActionMask = 2147483647;
			files = (
				6F8654F126CC793700A238DD /* ReminderListViewController.swift in Sources */,
				6F86550526CC9B8400A238DD /* ReminderListCell.swift in Sources */,
				6F86550E26CD6B5400A238DD /* EditTitleCell.swift in Sources */,
				6F8654ED26CC793700A238DD /* AppDelegate.swift in Sources */,
				6F86550726CD288B00A238DD /* ReminderDetailViewController.swift in Sources */,
				6F86550B26CD582A00A238DD /* ReminderDetailViewDataSource.swift in Sources */,
				6F8654EF26CC793700A238DD /* SceneDelegate.swift in Sources */,
				6F86551226CD6C8A00A238DD /* EditNotesCell.swift in Sources */,
				6F86551026CD6BF300A238DD /* EditDateCell.swift in Sources */,
				6F86550326CC887100A238DD /* Reminder.swift in Sources */,
				6F86550926CD4FBC00A238DD /* ReminderListDataSource.swift in Sources */,
			);
			runOnlyForDeploymentPostprocessing = 0;
		};
/* End PBXSourcesBuildPhase section */

/* Begin PBXVariantGroup section */
		6F8654F226CC793700A238DD /* Main.storyboard */ = {
			isa = PBXVariantGroup;
			children = (
				6F8654F326CC793700A238DD /* Base */,
			);
			name = Main.storyboard;
			sourceTree = "<group>";
		};
		6F8654F726CC793800A238DD /* LaunchScreen.storyboard */ = {
			isa = PBXVariantGroup;
			children = (
				6F8654F826CC793800A238DD /* Base */,
			);
			name = LaunchScreen.storyboard;
			sourceTree = "<group>";
		};
/* End PBXVariantGroup section */

/* Begin XCBuildConfiguration section */
		6F8654FB26CC793800A238DD /* Debug */ = {
			isa = XCBuildConfiguration;
			buildSettings = {
				ALWAYS_SEARCH_USER_PATHS = NO;
				CLANG_ANALYZER_NONNULL = YES;
				CLANG_ANALYZER_NUMBER_OBJECT_CONVERSION = YES_AGGRESSIVE;
				CLANG_CXX_LANGUAGE_STANDARD = "gnu++14";
				CLANG_CXX_LIBRARY = "libc++";
				CLANG_ENABLE_MODULES = YES;
				CLANG_ENABLE_OBJC_ARC = YES;
				CLANG_ENABLE_OBJC_WEAK = YES;
				CLANG_WARN_BLOCK_CAPTURE_AUTORELEASING = YES;
				CLANG_WARN_BOOL_CONVERSION = YES;
				CLANG_WARN_COMMA = YES;
				CLANG_WARN_CONSTANT_CONVERSION = YES;
				CLANG_WARN_DEPRECATED_OBJC_IMPLEMENTATIONS = YES;
				CLANG_WARN_DIRECT_OBJC_ISA_USAGE = YES_ERROR;
				CLANG_WARN_DOCUMENTATION_COMMENTS = YES;
				CLANG_WARN_EMPTY_BODY = YES;
				CLANG_WARN_ENUM_CONVERSION = YES;
				CLANG_WARN_INFINITE_RECURSION = YES;
				CLANG_WARN_INT_CONVERSION = YES;
				CLANG_WARN_NON_LITERAL_NULL_CONVERSION = YES;
				CLANG_WARN_OBJC_IMPLICIT_RETAIN_SELF = YES;
				CLANG_WARN_OBJC_LITERAL_CONVERSION = YES;
				CLANG_WARN_OBJC_ROOT_CLASS = YES_ERROR;
				CLANG_WARN_QUOTED_INCLUDE_IN_FRAMEWORK_HEADER = YES;
				CLANG_WARN_RANGE_LOOP_ANALYSIS = YES;
				CLANG_WARN_STRICT_PROTOTYPES = YES;
				CLANG_WARN_SUSPICIOUS_MOVE = YES;
				CLANG_WARN_UNGUARDED_AVAILABILITY = YES_AGGRESSIVE;
				CLANG_WARN_UNREACHABLE_CODE = YES;
				CLANG_WARN__DUPLICATE_METHOD_MATCH = YES;
				COPY_PHASE_STRIP = NO;
				DEBUG_INFORMATION_FORMAT = dwarf;
				ENABLE_STRICT_OBJC_MSGSEND = YES;
				ENABLE_TESTABILITY = YES;
				GCC_C_LANGUAGE_STANDARD = gnu11;
				GCC_DYNAMIC_NO_PIC = NO;
				GCC_NO_COMMON_BLOCKS = YES;
				GCC_OPTIMIZATION_LEVEL = 0;
				GCC_PREPROCESSOR_DEFINITIONS = (
					"DEBUG=1",
					"$(inherited)",
				);
				GCC_WARN_64_TO_32_BIT_CONVERSION = YES;
				GCC_WARN_ABOUT_RETURN_TYPE = YES_ERROR;
				GCC_WARN_UNDECLARED_SELECTOR = YES;
				GCC_WARN_UNINITIALIZED_AUTOS = YES_AGGRESSIVE;
				GCC_WARN_UNUSED_FUNCTION = YES;
				GCC_WARN_UNUSED_VARIABLE = YES;
				IPHONEOS_DEPLOYMENT_TARGET = 14.1;
				MTL_ENABLE_DEBUG_INFO = INCLUDE_SOURCE;
				MTL_FAST_MATH = YES;
				ONLY_ACTIVE_ARCH = YES;
				SDKROOT = iphoneos;
				SWIFT_ACTIVE_COMPILATION_CONDITIONS = DEBUG;
				SWIFT_OPTIMIZATION_LEVEL = "-Onone";
			};
			name = Debug;
		};
		6F8654FC26CC793800A238DD /* Release */ = {
			isa = XCBuildConfiguration;
			buildSettings = {
				ALWAYS_SEARCH_USER_PATHS = NO;
				CLANG_ANALYZER_NONNULL = YES;
				CLANG_ANALYZER_NUMBER_OBJECT_CONVERSION = YES_AGGRESSIVE;
				CLANG_CXX_LANGUAGE_STANDARD = "gnu++14";
				CLANG_CXX_LIBRARY = "libc++";
				CLANG_ENABLE_MODULES = YES;
				CLANG_ENABLE_OBJC_ARC = YES;
				CLANG_ENABLE_OBJC_WEAK = YES;
				CLANG_WARN_BLOCK_CAPTURE_AUTORELEASING = YES;
				CLANG_WARN_BOOL_CONVERSION = YES;
				CLANG_WARN_COMMA = YES;
				CLANG_WARN_CONSTANT_CONVERSION = YES;
				CLANG_WARN_DEPRECATED_OBJC_IMPLEMENTATIONS = YES;
				CLANG_WARN_DIRECT_OBJC_ISA_USAGE = YES_ERROR;
				CLANG_WARN_DOCUMENTATION_COMMENTS = YES;
				CLANG_WARN_EMPTY_BODY = YES;
				CLANG_WARN_ENUM_CONVERSION = YES;
				CLANG_WARN_INFINITE_RECURSION = YES;
				CLANG_WARN_INT_CONVERSION = YES;
				CLANG_WARN_NON_LITERAL_NULL_CONVERSION = YES;
				CLANG_WARN_OBJC_IMPLICIT_RETAIN_SELF = YES;
				CLANG_WARN_OBJC_LITERAL_CONVERSION = YES;
				CLANG_WARN_OBJC_ROOT_CLASS = YES_ERROR;
				CLANG_WARN_QUOTED_INCLUDE_IN_FRAMEWORK_HEADER = YES;
				CLANG_WARN_RANGE_LOOP_ANALYSIS = YES;
				CLANG_WARN_STRICT_PROTOTYPES = YES;
				CLANG_WARN_SUSPICIOUS_MOVE = YES;
				CLANG_WARN_UNGUARDED_AVAILABILITY = YES_AGGRESSIVE;
				CLANG_WARN_UNREACHABLE_CODE = YES;
				CLANG_WARN__DUPLICATE_METHOD_MATCH = YES;
				COPY_PHASE_STRIP = NO;
				DEBUG_INFORMATION_FORMAT = "dwarf-with-dsym";
				ENABLE_NS_ASSERTIONS = NO;
				ENABLE_STRICT_OBJC_MSGSEND = YES;
				GCC_C_LANGUAGE_STANDARD = gnu11;
				GCC_NO_COMMON_BLOCKS = YES;
				GCC_WARN_64_TO_32_BIT_CONVERSION = YES;
				GCC_WARN_ABOUT_RETURN_TYPE = YES_ERROR;
				GCC_WARN_UNDECLARED_SELECTOR = YES;
				GCC_WARN_UNINITIALIZED_AUTOS = YES_AGGRESSIVE;
				GCC_WARN_UNUSED_FUNCTION = YES;
				GCC_WARN_UNUSED_VARIABLE = YES;
				IPHONEOS_DEPLOYMENT_TARGET = 14.1;
				MTL_ENABLE_DEBUG_INFO = NO;
				MTL_FAST_MATH = YES;
				SDKROOT = iphoneos;
				SWIFT_COMPILATION_MODE = wholemodule;
				SWIFT_OPTIMIZATION_LEVEL = "-O";
				VALIDATE_PRODUCT = YES;
			};
			name = Release;
		};
		6F8654FE26CC793800A238DD /* Debug */ = {
			isa = XCBuildConfiguration;
			buildSettings = {
				ASSETCATALOG_COMPILER_APPICON_NAME = AppIcon;
				ASSETCATALOG_COMPILER_GLOBAL_ACCENT_COLOR_NAME = AccentColor;
				CODE_SIGN_STYLE = Automatic;
				CURRENT_PROJECT_VERSION = 1;
				DEVELOPMENT_TEAM = K328B98U3F;
				GENERATE_INFOPLIST_FILE = YES;
				INFOPLIST_FILE = "swift-016-Today/Info.plist";
				INFOPLIST_KEY_UIApplicationSupportsIndirectInputEvents = YES;
				INFOPLIST_KEY_UILaunchStoryboardName = LaunchScreen;
				INFOPLIST_KEY_UIMainStoryboardFile = Main;
				INFOPLIST_KEY_UISupportedInterfaceOrientations_iPad = "UIInterfaceOrientationPortrait UIInterfaceOrientationPortraitUpsideDown UIInterfaceOrientationLandscapeLeft UIInterfaceOrientationLandscapeRight";
				INFOPLIST_KEY_UISupportedInterfaceOrientations_iPhone = "UIInterfaceOrientationPortrait UIInterfaceOrientationLandscapeLeft UIInterfaceOrientationLandscapeRight";
				IPHONEOS_DEPLOYMENT_TARGET = 14.1;
				LD_RUNPATH_SEARCH_PATHS = (
					"$(inherited)",
					"@executable_path/Frameworks",
				);
				MARKETING_VERSION = 1.0;
				PRODUCT_BUNDLE_IDENTIFIER = "luizcarlos.sa.swift-016-Today";
				PRODUCT_NAME = "$(TARGET_NAME)";
				SWIFT_EMIT_LOC_STRINGS = YES;
				SWIFT_VERSION = 5.0;
				TARGETED_DEVICE_FAMILY = "1,2";
			};
			name = Debug;
		};
		6F8654FF26CC793800A238DD /* Release */ = {
			isa = XCBuildConfiguration;
			buildSettings = {
				ASSETCATALOG_COMPILER_APPICON_NAME = AppIcon;
				ASSETCATALOG_COMPILER_GLOBAL_ACCENT_COLOR_NAME = AccentColor;
				CODE_SIGN_STYLE = Automatic;
				CURRENT_PROJECT_VERSION = 1;
				DEVELOPMENT_TEAM = K328B98U3F;
				GENERATE_INFOPLIST_FILE = YES;
				INFOPLIST_FILE = "swift-016-Today/Info.plist";
				INFOPLIST_KEY_UIApplicationSupportsIndirectInputEvents = YES;
				INFOPLIST_KEY_UILaunchStoryboardName = LaunchScreen;
				INFOPLIST_KEY_UIMainStoryboardFile = Main;
				INFOPLIST_KEY_UISupportedInterfaceOrientations_iPad = "UIInterfaceOrientationPortrait UIInterfaceOrientationPortraitUpsideDown UIInterfaceOrientationLandscapeLeft UIInterfaceOrientationLandscapeRight";
				INFOPLIST_KEY_UISupportedInterfaceOrientations_iPhone = "UIInterfaceOrientationPortrait UIInterfaceOrientationLandscapeLeft UIInterfaceOrientationLandscapeRight";
				IPHONEOS_DEPLOYMENT_TARGET = 14.1;
				LD_RUNPATH_SEARCH_PATHS = (
					"$(inherited)",
					"@executable_path/Frameworks",
				);
				MARKETING_VERSION = 1.0;
				PRODUCT_BUNDLE_IDENTIFIER = "luizcarlos.sa.swift-016-Today";
				PRODUCT_NAME = "$(TARGET_NAME)";
				SWIFT_EMIT_LOC_STRINGS = YES;
				SWIFT_VERSION = 5.0;
				TARGETED_DEVICE_FAMILY = "1,2";
			};
			name = Release;
		};
/* End XCBuildConfiguration section */

/* Begin XCConfigurationList section */
		6F8654E426CC793700A238DD /* Build configuration list for PBXProject "swift-016-Today" */ = {
			isa = XCConfigurationList;
			buildConfigurations = (
				6F8654FB26CC793800A238DD /* Debug */,
				6F8654FC26CC793800A238DD /* Release */,
			);
			defaultConfigurationIsVisible = 0;
			defaultConfigurationName = Release;
		};
		6F8654FD26CC793800A238DD /* Build configuration list for PBXNativeTarget "swift-016-Today" */ = {
			isa = XCConfigurationList;
			buildConfigurations = (
				6F8654FE26CC793800A238DD /* Debug */,
				6F8654FF26CC793800A238DD /* Release */,
			);
			defaultConfigurationIsVisible = 0;
			defaultConfigurationName = Release;
		};
/* End XCConfigurationList section */
	};
	rootObject = 6F8654E126CC793700A238DD /* Project object */;
}
